
Microsoft Visual Studio Solution File, Format Version 12.00
# Visual Studio 15
VisualStudioVersion = 15.0.28307.421
MinimumVisualStudioVersion = 10.0.40219.1
Project("{FAE04EC0-301F-11D3-BF4B-00C04F79EFBC}") = "ASPChart", "ASPChart\ASPChart.csproj", "{17C2F66A-7F8B-4012-8836-E8DD7F6CB310}"
EndProject
Project("{00D1A9C2-B5F0-4AF3-8072-F6C62B433612}") = "ChartDatabase", "ChartDatabase\ChartDatabase.sqlproj", "{74F42EAB-B05B-4EA4-ACF5-56F6714F2DAB}"
EndProject
Global
	GlobalSection(SolutionConfigurationPlatforms) = preSolution
		Debug|Any CPU = Debug|Any CPU
		Release|Any CPU = Release|Any CPU
	EndGlobalSection
	GlobalSection(ProjectConfigurationPlatforms) = postSolution
		{17C2F66A-7F8B-4012-8836-E8DD7F6CB310}.Debug|Any CPU.ActiveCfg = Debug|Any CPU
		{17C2F66A-7F8B-4012-8836-E8DD7F6CB310}.Debug|Any CPU.Build.0 = Debug|Any CPU
		{17C2F66A-7F8B-4012-8836-E8DD7F6CB310}.Release|Any CPU.ActiveCfg = Release|Any CPU
		{17C2F66A-7F8B-4012-8836-E8DD7F6CB310}.Release|Any CPU.Build.0 = Release|Any CPU
		{74F42EAB-B05B-4EA4-ACF5-56F6714F2DAB}.Debug|Any CPU.ActiveCfg = Debug|Any CPU
		{74F42EAB-B05B-4EA4-ACF5-56F6714F2DAB}.Debug|Any CPU.Build.0 = Debug|Any CPU
		{74F42EAB-B05B-4EA4-ACF5-56F6714F2DAB}.Debug|Any CPU.Deploy.0 = Debug|Any CPU
		{74F42EAB-B05B-4EA4-ACF5-56F6714F2DAB}.Release|Any CPU.ActiveCfg = Release|Any CPU
		{74F42EAB-B05B-4EA4-ACF5-56F6714F2DAB}.Release|Any CPU.Build.0 = Release|Any CPU
		{74F42EAB-B05B-4EA4-ACF5-56F6714F2DAB}.Release|Any CPU.Deploy.0 = Release|Any CPU
	EndGlobalSection
	GlobalSection(SolutionProperties) = preSolution
		HideSolutionNode = FALSE
	EndGlobalSection
	GlobalSection(ExtensibilityGlobals) = postSolution
		SolutionGuid = {7126D1FB-E8ED-475F-BE73-6FF0F52EE996}
	EndGlobalSection
EndGlobal
